
Microsoft Visual Studio Solution File, Format Version 12.00
# Visual Studio Version 17
VisualStudioVersion = 17.8.34525.116
MinimumVisualStudioVersion = 10.0.40219.1
Project("{FAE04EC0-301F-11D3-BF4B-00C04F79EFBC}") = "AkBrandMobile", "AkBrandMobile.csproj", "{A083855B-2DA7-4ACD-A96A-1DABD17D32E6}"
EndProject
Global
	GlobalSection(SolutionConfigurationPlatforms) = preSolution
		Debug|Any CPU = Debug|Any CPU
		Release|Any CPU = Release|Any CPU
	EndGlobalSection
	GlobalSection(ProjectConfigurationPlatforms) = postSolution
		{A083855B-2DA7-4ACD-A96A-1DABD17D32E6}.Debug|Any CPU.ActiveCfg = Debug|Any CPU
		{A083855B-2DA7-4ACD-A96A-1DABD17D32E6}.Debug|Any CPU.Build.0 = Debug|Any CPU
		{A083855B-2DA7-4ACD-A96A-1DABD17D32E6}.Release|Any CPU.ActiveCfg = Release|Any CPU
		{A083855B-2DA7-4ACD-A96A-1DABD17D32E6}.Release|Any CPU.Build.0 = Release|Any CPU
	EndGlobalSection
	GlobalSection(SolutionProperties) = preSolution
		HideSolutionNode = FALSE
	EndGlobalSection
	GlobalSection(ExtensibilityGlobals) = postSolution
		SolutionGuid = {C328D5D8-AD00-43CE-A468-CC66E6B3C931}
	EndGlobalSection
EndGlobal
